// !$*UTF8*$!
{
	archiveVersion = 1;
	classes = {
	};
	objectVersion = 46;
	objects = {

/* Begin PBXBuildFile section */
		772B57A995CF1EA9248C187B /* libPods-XBImageBrowser_CollectionViewTests.a in Frameworks */ = {isa = PBXBuildFile; fileRef = 1D8F1DB8B7B6502F689B12B1 /* libPods-XBImageBrowser_CollectionViewTests.a */; };
		A4625F87BB66B6837C7EC763 /* libPods-XBImageBrowser_CollectionView.a in Frameworks */ = {isa = PBXBuildFile; fileRef = FCA55547503920336A830058 /* libPods-XBImageBrowser_CollectionView.a */; };
		E48D556D8242CF35BBC16469 /* libPods-XBImageBrowser_CollectionViewUITests.a in Frameworks */ = {isa = PBXBuildFile; fileRef = 2F8634B06BEAA53A65BB371A /* libPods-XBImageBrowser_CollectionViewUITests.a */; };
		F144F09A22D5D86D000B93FA /* XBImageBrowserTopToolBar.m in Sources */ = {isa = PBXBuildFile; fileRef = F144F08122D5D86D000B93FA /* XBImageBrowserTopToolBar.m */; };
		F144F09B22D5D86D000B93FA /* XBImageBrowserBottomToolBar.m in Sources */ = {isa = PBXBuildFile; fileRef = F144F08222D5D86D000B93FA /* XBImageBrowserBottomToolBar.m */; };
		F144F09C22D5D86D000B93FA /* XBImageBrowserWithToolBar.m in Sources */ = {isa = PBXBuildFile; fileRef = F144F08622D5D86D000B93FA /* XBImageBrowserWithToolBar.m */; };
		F144F09D22D5D86D000B93FA /* XBIB_delete@2x.png in Resources */ = {isa = PBXBuildFile; fileRef = F144F08B22D5D86D000B93FA /* XBIB_delete@2x.png */; };
		F144F09E22D5D86D000B93FA /* XBIB_delete.png in Resources */ = {isa = PBXBuildFile; fileRef = F144F08C22D5D86D000B93FA /* XBIB_delete.png */; };
		F144F09F22D5D86D000B93FA /* XBIB_back.png in Resources */ = {isa = PBXBuildFile; fileRef = F144F08D22D5D86D000B93FA /* XBIB_back.png */; };
		F144F0A022D5D86D000B93FA /* XBIB_share@2x.png in Resources */ = {isa = PBXBuildFile; fileRef = F144F08E22D5D86D000B93FA /* XBIB_share@2x.png */; };
		F144F0A122D5D86D000B93FA /* XBIB_share.png in Resources */ = {isa = PBXBuildFile; fileRef = F144F08F22D5D86D000B93FA /* XBIB_share.png */; };
		F144F0A222D5D86D000B93FA /* XBIB_back@2x.png in Resources */ = {isa = PBXBuildFile; fileRef = F144F09022D5D86D000B93FA /* XBIB_back@2x.png */; };
		F144F0A322D5D86D000B93FA /* XBImageBrowser.m in Sources */ = {isa = PBXBuildFile; fileRef = F144F09122D5D86D000B93FA /* XBImageBrowser.m */; };
		F144F0A422D5D86D000B93FA /* XBImageBrowserFrameAnimateManager.m in Sources */ = {isa = PBXBuildFile; fileRef = F144F09222D5D86D000B93FA /* XBImageBrowserFrameAnimateManager.m */; };
		F144F0A622D5D86D000B93FA /* XBImageBrowserCell.m in Sources */ = {isa = PBXBuildFile; fileRef = F144F09722D5D86D000B93FA /* XBImageBrowserCell.m */; };
		F144F0A722D5D86D000B93FA /* XBImageBrowserItem.m in Sources */ = {isa = PBXBuildFile; fileRef = F144F09822D5D86D000B93FA /* XBImageBrowserItem.m */; };
		F155EF551E2A0F4F00E27A93 /* icon_share.png in Resources */ = {isa = PBXBuildFile; fileRef = F155EF531E2A0F4F00E27A93 /* icon_share.png */; };
		F155EF561E2A0F4F00E27A93 /* icon_share@2x.png in Resources */ = {isa = PBXBuildFile; fileRef = F155EF541E2A0F4F00E27A93 /* icon_share@2x.png */; };
		F155EF591E2A0F6B00E27A93 /* icon_delete.png in Resources */ = {isa = PBXBuildFile; fileRef = F155EF571E2A0F6B00E27A93 /* icon_delete.png */; };
		F155EF5A1E2A0F6B00E27A93 /* icon_delete@2x.png in Resources */ = {isa = PBXBuildFile; fileRef = F155EF581E2A0F6B00E27A93 /* icon_delete@2x.png */; };
		F155EF5D1E2A0F9300E27A93 /* C_back.png in Resources */ = {isa = PBXBuildFile; fileRef = F155EF5B1E2A0F9300E27A93 /* C_back.png */; };
		F155EF5E1E2A0F9300E27A93 /* C_back@2x.png in Resources */ = {isa = PBXBuildFile; fileRef = F155EF5C1E2A0F9300E27A93 /* C_back@2x.png */; };
		F1DCEDBF1E2659C90046C3B0 /* main.m in Sources */ = {isa = PBXBuildFile; fileRef = F1DCEDBE1E2659C90046C3B0 /* main.m */; };
		F1DCEDC21E2659C90046C3B0 /* AppDelegate.m in Sources */ = {isa = PBXBuildFile; fileRef = F1DCEDC11E2659C90046C3B0 /* AppDelegate.m */; };
		F1DCEDC51E2659C90046C3B0 /* ViewController.m in Sources */ = {isa = PBXBuildFile; fileRef = F1DCEDC41E2659C90046C3B0 /* ViewController.m */; };
		F1DCEDC81E2659C90046C3B0 /* Main.storyboard in Resources */ = {isa = PBXBuildFile; fileRef = F1DCEDC61E2659C90046C3B0 /* Main.storyboard */; };
		F1DCEDCA1E2659C90046C3B0 /* Assets.xcassets in Resources */ = {isa = PBXBuildFile; fileRef = F1DCEDC91E2659C90046C3B0 /* Assets.xcassets */; };
		F1DCEDCD1E2659C90046C3B0 /* LaunchScreen.storyboard in Resources */ = {isa = PBXBuildFile; fileRef = F1DCEDCB1E2659C90046C3B0 /* LaunchScreen.storyboard */; };
		F1DCEDD81E2659C90046C3B0 /* XBImageBrowser_CollectionViewTests.m in Sources */ = {isa = PBXBuildFile; fileRef = F1DCEDD71E2659C90046C3B0 /* XBImageBrowser_CollectionViewTests.m */; };
		F1DCEDE31E2659C90046C3B0 /* XBImageBrowser_CollectionViewUITests.m in Sources */ = {isa = PBXBuildFile; fileRef = F1DCEDE21E2659C90046C3B0 /* XBImageBrowser_CollectionViewUITests.m */; };
		F1DCEDFB1E2659FB0046C3B0 /* 时间表.png in Resources */ = {isa = PBXBuildFile; fileRef = F1DCEDF01E2659FB0046C3B0 /* 时间表.png */; };
		F1DCEDFC1E2659FB0046C3B0 /* AW1C_product01.png in Resources */ = {isa = PBXBuildFile; fileRef = F1DCEDF11E2659FB0046C3B0 /* AW1C_product01.png */; };
		F1DCEDFD1E2659FB0046C3B0 /* AW1C_product02.png in Resources */ = {isa = PBXBuildFile; fileRef = F1DCEDF21E2659FB0046C3B0 /* AW1C_product02.png */; };
		F1DCEDFE1E2659FB0046C3B0 /* AW1C_product03.png in Resources */ = {isa = PBXBuildFile; fileRef = F1DCEDF31E2659FB0046C3B0 /* AW1C_product03.png */; };
		F1DCEDFF1E2659FB0046C3B0 /* AW1C_product04.png in Resources */ = {isa = PBXBuildFile; fileRef = F1DCEDF41E2659FB0046C3B0 /* AW1C_product04.png */; };
		F1DCEE001E2659FB0046C3B0 /* AW1C_settingwifi.png in Resources */ = {isa = PBXBuildFile; fileRef = F1DCEDF51E2659FB0046C3B0 /* AW1C_settingwifi.png */; };
		F1DCEE011E2659FB0046C3B0 /* AW1C_wifi01.png in Resources */ = {isa = PBXBuildFile; fileRef = F1DCEDF61E2659FB0046C3B0 /* AW1C_wifi01.png */; };
		F1DCEE021E2659FB0046C3B0 /* kal_tile_range_left_today@2x.png in Resources */ = {isa = PBXBuildFile; fileRef = F1DCEDF71E2659FB0046C3B0 /* kal_tile_range_left_today@2x.png */; };
/* End PBXBuildFile section */

/* Begin PBXContainerItemProxy section */
		F1DCEDD41E2659C90046C3B0 /* PBXContainerItemProxy */ = {
			isa = PBXContainerItemProxy;
			containerPortal = F1DCEDB21E2659C90046C3B0 /* Project object */;
			proxyType = 1;
			remoteGlobalIDString = F1DCEDB91E2659C90046C3B0;
			remoteInfo = XBImageBrowser_CollectionView;
		};
		F1DCEDDF1E2659C90046C3B0 /* PBXContainerItemProxy */ = {
			isa = PBXContainerItemProxy;
			containerPortal = F1DCEDB21E2659C90046C3B0 /* Project object */;
			proxyType = 1;
			remoteGlobalIDString = F1DCEDB91E2659C90046C3B0;
			remoteInfo = XBImageBrowser_CollectionView;
		};
/* End PBXContainerItemProxy section */

/* Begin PBXFileReference section */
		1D8F1DB8B7B6502F689B12B1 /* libPods-XBImageBrowser_CollectionViewTests.a */ = {isa = PBXFileReference; explicitFileType = archive.ar; includeInIndex = 0; path = "libPods-XBImageBrowser_CollectionViewTests.a"; sourceTree = BUILT_PRODUCTS_DIR; };
		2F8634B06BEAA53A65BB371A /* libPods-XBImageBrowser_CollectionViewUITests.a */ = {isa = PBXFileReference; explicitFileType = archive.ar; includeInIndex = 0; path = "libPods-XBImageBrowser_CollectionViewUITests.a"; sourceTree = BUILT_PRODUCTS_DIR; };
		5C2779B41F548CD6466ACD0E /* Pods-XBImageBrowser_CollectionViewTests.release.xcconfig */ = {isa = PBXFileReference; includeInIndex = 1; lastKnownFileType = text.xcconfig; name = "Pods-XBImageBrowser_CollectionViewTests.release.xcconfig"; path = "Target Support Files/Pods-XBImageBrowser_CollectionViewTests/Pods-XBImageBrowser_CollectionViewTests.release.xcconfig"; sourceTree = "<group>"; };
		649073FA655330FB1A07AE44 /* Pods-XBImageBrowser_CollectionView.release.xcconfig */ = {isa = PBXFileReference; includeInIndex = 1; lastKnownFileType = text.xcconfig; name = "Pods-XBImageBrowser_CollectionView.release.xcconfig"; path = "Target Support Files/Pods-XBImageBrowser_CollectionView/Pods-XBImageBrowser_CollectionView.release.xcconfig"; sourceTree = "<group>"; };
		8571F44B0D19197F146EEF35 /* Pods-XBImageBrowser_CollectionViewUITests.debug.xcconfig */ = {isa = PBXFileReference; includeInIndex = 1; lastKnownFileType = text.xcconfig; name = "Pods-XBImageBrowser_CollectionViewUITests.debug.xcconfig"; path = "Target Support Files/Pods-XBImageBrowser_CollectionViewUITests/Pods-XBImageBrowser_CollectionViewUITests.debug.xcconfig"; sourceTree = "<group>"; };
		8E5397B76A725BB6F1D5C560 /* Pods-XBImageBrowser_CollectionViewTests.debug.xcconfig */ = {isa = PBXFileReference; includeInIndex = 1; lastKnownFileType = text.xcconfig; name = "Pods-XBImageBrowser_CollectionViewTests.debug.xcconfig"; path = "Target Support Files/Pods-XBImageBrowser_CollectionViewTests/Pods-XBImageBrowser_CollectionViewTests.debug.xcconfig"; sourceTree = "<group>"; };
		9EEDF604236323501F8A0F3B /* Pods-XBImageBrowser_CollectionView.debug.xcconfig */ = {isa = PBXFileReference; includeInIndex = 1; lastKnownFileType = text.xcconfig; name = "Pods-XBImageBrowser_CollectionView.debug.xcconfig"; path = "Target Support Files/Pods-XBImageBrowser_CollectionView/Pods-XBImageBrowser_CollectionView.debug.xcconfig"; sourceTree = "<group>"; };
		ADB1AED7413217E779E6234D /* Pods-XBImageBrowser_CollectionViewUITests.release.xcconfig */ = {isa = PBXFileReference; includeInIndex = 1; lastKnownFileType = text.xcconfig; name = "Pods-XBImageBrowser_CollectionViewUITests.release.xcconfig"; path = "Target Support Files/Pods-XBImageBrowser_CollectionViewUITests/Pods-XBImageBrowser_CollectionViewUITests.release.xcconfig"; sourceTree = "<group>"; };
		F144F08122D5D86D000B93FA /* XBImageBrowserTopToolBar.m */ = {isa = PBXFileReference; fileEncoding = 4; lastKnownFileType = sourcecode.c.objc; path = XBImageBrowserTopToolBar.m; sourceTree = "<group>"; };
		F144F08222D5D86D000B93FA /* XBImageBrowserBottomToolBar.m */ = {isa = PBXFileReference; fileEncoding = 4; lastKnownFileType = sourcecode.c.objc; path = XBImageBrowserBottomToolBar.m; sourceTree = "<group>"; };
		F144F08322D5D86D000B93FA /* XBImageBrowserWithToolBar.h */ = {isa = PBXFileReference; fileEncoding = 4; lastKnownFileType = sourcecode.c.h; path = XBImageBrowserWithToolBar.h; sourceTree = "<group>"; };
		F144F08422D5D86D000B93FA /* XBImageBrowserBottomToolBar.h */ = {isa = PBXFileReference; fileEncoding = 4; lastKnownFileType = sourcecode.c.h; path = XBImageBrowserBottomToolBar.h; sourceTree = "<group>"; };
		F144F08522D5D86D000B93FA /* XBImageBrowserTopToolBar.h */ = {isa = PBXFileReference; fileEncoding = 4; lastKnownFileType = sourcecode.c.h; path = XBImageBrowserTopToolBar.h; sourceTree = "<group>"; };
		F144F08622D5D86D000B93FA /* XBImageBrowserWithToolBar.m */ = {isa = PBXFileReference; fileEncoding = 4; lastKnownFileType = sourcecode.c.objc; path = XBImageBrowserWithToolBar.m; sourceTree = "<group>"; };
		F144F08822D5D86D000B93FA /* XBImageBrowserHeader.h */ = {isa = PBXFileReference; fileEncoding = 4; lastKnownFileType = sourcecode.c.h; path = XBImageBrowserHeader.h; sourceTree = "<group>"; };
		F144F08B22D5D86D000B93FA /* XBIB_delete@2x.png */ = {isa = PBXFileReference; lastKnownFileType = image.png; path = "XBIB_delete@2x.png"; sourceTree = "<group>"; };
		F144F08C22D5D86D000B93FA /* XBIB_delete.png */ = {isa = PBXFileReference; lastKnownFileType = image.png; path = XBIB_delete.png; sourceTree = "<group>"; };
		F144F08D22D5D86D000B93FA /* XBIB_back.png */ = {isa = PBXFileReference; lastKnownFileType = image.png; path = XBIB_back.png; sourceTree = "<group>"; };
		F144F08E22D5D86D000B93FA /* XBIB_share@2x.png */ = {isa = PBXFileReference; lastKnownFileType = image.png; path = "XBIB_share@2x.png"; sourceTree = "<group>"; };
		F144F08F22D5D86D000B93FA /* XBIB_share.png */ = {isa = PBXFileReference; lastKnownFileType = image.png; path = XBIB_share.png; sourceTree = "<group>"; };
		F144F09022D5D86D000B93FA /* XBIB_back@2x.png */ = {isa = PBXFileReference; lastKnownFileType = image.png; path = "XBIB_back@2x.png"; sourceTree = "<group>"; };
		F144F09122D5D86D000B93FA /* XBImageBrowser.m */ = {isa = PBXFileReference; fileEncoding = 4; lastKnownFileType = sourcecode.c.objc; path = XBImageBrowser.m; sourceTree = "<group>"; };
		F144F09222D5D86D000B93FA /* XBImageBrowserFrameAnimateManager.m */ = {isa = PBXFileReference; fileEncoding = 4; lastKnownFileType = sourcecode.c.objc; path = XBImageBrowserFrameAnimateManager.m; sourceTree = "<group>"; };
		F144F09322D5D86D000B93FA /* XBImageBrowserItem.h */ = {isa = PBXFileReference; fileEncoding = 4; lastKnownFileType = sourcecode.c.h; path = XBImageBrowserItem.h; sourceTree = "<group>"; };
		F144F09422D5D86D000B93FA /* XBImageBrowserCell.h */ = {isa = PBXFileReference; fileEncoding = 4; lastKnownFileType = sourcecode.c.h; path = XBImageBrowserCell.h; sourceTree = "<group>"; };
		F144F09622D5D86D000B93FA /* XBImageBrowser.h */ = {isa = PBXFileReference; fileEncoding = 4; lastKnownFileType = sourcecode.c.h; path = XBImageBrowser.h; sourceTree = "<group>"; };
		F144F09722D5D86D000B93FA /* XBImageBrowserCell.m */ = {isa = PBXFileReference; fileEncoding = 4; lastKnownFileType = sourcecode.c.objc; path = XBImageBrowserCell.m; sourceTree = "<group>"; };
		F144F09822D5D86D000B93FA /* XBImageBrowserItem.m */ = {isa = PBXFileReference; fileEncoding = 4; lastKnownFileType = sourcecode.c.objc; path = XBImageBrowserItem.m; sourceTree = "<group>"; };
		F144F09922D5D86D000B93FA /* XBImageBrowserFrameAnimateManager.h */ = {isa = PBXFileReference; fileEncoding = 4; lastKnownFileType = sourcecode.c.h; path = XBImageBrowserFrameAnimateManager.h; sourceTree = "<group>"; };
		F155EF531E2A0F4F00E27A93 /* icon_share.png */ = {isa = PBXFileReference; lastKnownFileType = image.png; path = icon_share.png; sourceTree = "<group>"; };
		F155EF541E2A0F4F00E27A93 /* icon_share@2x.png */ = {isa = PBXFileReference; lastKnownFileType = image.png; path = "icon_share@2x.png"; sourceTree = "<group>"; };
		F155EF571E2A0F6B00E27A93 /* icon_delete.png */ = {isa = PBXFileReference; lastKnownFileType = image.png; path = icon_delete.png; sourceTree = "<group>"; };
		F155EF581E2A0F6B00E27A93 /* icon_delete@2x.png */ = {isa = PBXFileReference; lastKnownFileType = image.png; path = "icon_delete@2x.png"; sourceTree = "<group>"; };
		F155EF5B1E2A0F9300E27A93 /* C_back.png */ = {isa = PBXFileReference; lastKnownFileType = image.png; path = C_back.png; sourceTree = "<group>"; };
		F155EF5C1E2A0F9300E27A93 /* C_back@2x.png */ = {isa = PBXFileReference; lastKnownFileType = image.png; path = "C_back@2x.png"; sourceTree = "<group>"; };
		F1DCEDBA1E2659C90046C3B0 /* XBImageBrowser_CollectionView.app */ = {isa = PBXFileReference; explicitFileType = wrapper.application; includeInIndex = 0; path = XBImageBrowser_CollectionView.app; sourceTree = BUILT_PRODUCTS_DIR; };
		F1DCEDBE1E2659C90046C3B0 /* main.m */ = {isa = PBXFileReference; lastKnownFileType = sourcecode.c.objc; path = main.m; sourceTree = "<group>"; };
		F1DCEDC01E2659C90046C3B0 /* AppDelegate.h */ = {isa = PBXFileReference; lastKnownFileType = sourcecode.c.h; path = AppDelegate.h; sourceTree = "<group>"; };
		F1DCEDC11E2659C90046C3B0 /* AppDelegate.m */ = {isa = PBXFileReference; lastKnownFileType = sourcecode.c.objc; path = AppDelegate.m; sourceTree = "<group>"; };
		F1DCEDC31E2659C90046C3B0 /* ViewController.h */ = {isa = PBXFileReference; lastKnownFileType = sourcecode.c.h; path = ViewController.h; sourceTree = "<group>"; };
		F1DCEDC41E2659C90046C3B0 /* ViewController.m */ = {isa = PBXFileReference; lastKnownFileType = sourcecode.c.objc; path = ViewController.m; sourceTree = "<group>"; };
		F1DCEDC71E2659C90046C3B0 /* Base */ = {isa = PBXFileReference; lastKnownFileType = file.storyboard; name = Base; path = Base.lproj/Main.storyboard; sourceTree = "<group>"; };
		F1DCEDC91E2659C90046C3B0 /* Assets.xcassets */ = {isa = PBXFileReference; lastKnownFileType = folder.assetcatalog; path = Assets.xcassets; sourceTree = "<group>"; };
		F1DCEDCC1E2659C90046C3B0 /* Base */ = {isa = PBXFileReference; lastKnownFileType = file.storyboard; name = Base; path = Base.lproj/LaunchScreen.storyboard; sourceTree = "<group>"; };
		F1DCEDCE1E2659C90046C3B0 /* Info.plist */ = {isa = PBXFileReference; lastKnownFileType = text.plist.xml; path = Info.plist; sourceTree = "<group>"; };
		F1DCEDD31E2659C90046C3B0 /* XBImageBrowser_CollectionViewTests.xctest */ = {isa = PBXFileReference; explicitFileType = wrapper.cfbundle; includeInIndex = 0; path = XBImageBrowser_CollectionViewTests.xctest; sourceTree = BUILT_PRODUCTS_DIR; };
		F1DCEDD71E2659C90046C3B0 /* XBImageBrowser_CollectionViewTests.m */ = {isa = PBXFileReference; lastKnownFileType = sourcecode.c.objc; path = XBImageBrowser_CollectionViewTests.m; sourceTree = "<group>"; };
		F1DCEDD91E2659C90046C3B0 /* Info.plist */ = {isa = PBXFileReference; lastKnownFileType = text.plist.xml; path = Info.plist; sourceTree = "<group>"; };
		F1DCEDDE1E2659C90046C3B0 /* XBImageBrowser_CollectionViewUITests.xctest */ = {isa = PBXFileReference; explicitFileType = wrapper.cfbundle; includeInIndex = 0; path = XBImageBrowser_CollectionViewUITests.xctest; sourceTree = BUILT_PRODUCTS_DIR; };
		F1DCEDE21E2659C90046C3B0 /* XBImageBrowser_CollectionViewUITests.m */ = {isa = PBXFileReference; lastKnownFileType = sourcecode.c.objc; path = XBImageBrowser_CollectionViewUITests.m; sourceTree = "<group>"; };
		F1DCEDE41E2659C90046C3B0 /* Info.plist */ = {isa = PBXFileReference; lastKnownFileType = text.plist.xml; path = Info.plist; sourceTree = "<group>"; };
		F1DCEDF01E2659FB0046C3B0 /* 时间表.png */ = {isa = PBXFileReference; lastKnownFileType = image.png; path = "时间表.png"; sourceTree = "<group>"; };
		F1DCEDF11E2659FB0046C3B0 /* AW1C_product01.png */ = {isa = PBXFileReference; lastKnownFileType = image.png; path = AW1C_product01.png; sourceTree = "<group>"; };
		F1DCEDF21E2659FB0046C3B0 /* AW1C_product02.png */ = {isa = PBXFileReference; lastKnownFileType = image.png; path = AW1C_product02.png; sourceTree = "<group>"; };
		F1DCEDF31E2659FB0046C3B0 /* AW1C_product03.png */ = {isa = PBXFileReference; lastKnownFileType = image.png; path = AW1C_product03.png; sourceTree = "<group>"; };
		F1DCEDF41E2659FB0046C3B0 /* AW1C_product04.png */ = {isa = PBXFileReference; lastKnownFileType = image.png; path = AW1C_product04.png; sourceTree = "<group>"; };
		F1DCEDF51E2659FB0046C3B0 /* AW1C_settingwifi.png */ = {isa = PBXFileReference; lastKnownFileType = image.png; path = AW1C_settingwifi.png; sourceTree = "<group>"; };
		F1DCEDF61E2659FB0046C3B0 /* AW1C_wifi01.png */ = {isa = PBXFileReference; lastKnownFileType = image.png; path = AW1C_wifi01.png; sourceTree = "<group>"; };
		F1DCEDF71E2659FB0046C3B0 /* kal_tile_range_left_today@2x.png */ = {isa = PBXFileReference; lastKnownFileType = image.png; path = "kal_tile_range_left_today@2x.png"; sourceTree = "<group>"; };
		FCA55547503920336A830058 /* libPods-XBImageBrowser_CollectionView.a */ = {isa = PBXFileReference; explicitFileType = archive.ar; includeInIndex = 0; path = "libPods-XBImageBrowser_CollectionView.a"; sourceTree = BUILT_PRODUCTS_DIR; };
/* End PBXFileReference section */

/* Begin PBXFrameworksBuildPhase section */
		F1DCEDB71E2659C90046C3B0 /* Frameworks */ = {
			isa = PBXFrameworksBuildPhase;
			buildActionMask = 2147483647;
			files = (
				A4625F87BB66B6837C7EC763 /* libPods-XBImageBrowser_CollectionView.a in Frameworks */,
			);
			runOnlyForDeploymentPostprocessing = 0;
		};
		F1DCEDD01E2659C90046C3B0 /* Frameworks */ = {
			isa = PBXFrameworksBuildPhase;
			buildActionMask = 2147483647;
			files = (
				772B57A995CF1EA9248C187B /* libPods-XBImageBrowser_CollectionViewTests.a in Frameworks */,
			);
			runOnlyForDeploymentPostprocessing = 0;
		};
		F1DCEDDB1E2659C90046C3B0 /* Frameworks */ = {
			isa = PBXFrameworksBuildPhase;
			buildActionMask = 2147483647;
			files = (
				E48D556D8242CF35BBC16469 /* libPods-XBImageBrowser_CollectionViewUITests.a in Frameworks */,
			);
			runOnlyForDeploymentPostprocessing = 0;
		};
/* End PBXFrameworksBuildPhase section */

/* Begin PBXGroup section */
		31B5D920D8BD8680AF5B00B7 /* Pods */ = {
			isa = PBXGroup;
			children = (
				9EEDF604236323501F8A0F3B /* Pods-XBImageBrowser_CollectionView.debug.xcconfig */,
				649073FA655330FB1A07AE44 /* Pods-XBImageBrowser_CollectionView.release.xcconfig */,
				8E5397B76A725BB6F1D5C560 /* Pods-XBImageBrowser_CollectionViewTests.debug.xcconfig */,
				5C2779B41F548CD6466ACD0E /* Pods-XBImageBrowser_CollectionViewTests.release.xcconfig */,
				8571F44B0D19197F146EEF35 /* Pods-XBImageBrowser_CollectionViewUITests.debug.xcconfig */,
				ADB1AED7413217E779E6234D /* Pods-XBImageBrowser_CollectionViewUITests.release.xcconfig */,
			);
			name = Pods;
			path = Pods;
			sourceTree = "<group>";
		};
		BD97732F8FFB6F23361B8BF0 /* Frameworks */ = {
			isa = PBXGroup;
			children = (
				FCA55547503920336A830058 /* libPods-XBImageBrowser_CollectionView.a */,
				1D8F1DB8B7B6502F689B12B1 /* libPods-XBImageBrowser_CollectionViewTests.a */,
				2F8634B06BEAA53A65BB371A /* libPods-XBImageBrowser_CollectionViewUITests.a */,
			);
			name = Frameworks;
			sourceTree = "<group>";
		};
		F144F07F22D5D86D000B93FA /* XBImageBrowser */ = {
			isa = PBXGroup;
			children = (
				F144F08122D5D86D000B93FA /* XBImageBrowserTopToolBar.m */,
				F144F08222D5D86D000B93FA /* XBImageBrowserBottomToolBar.m */,
				F144F08322D5D86D000B93FA /* XBImageBrowserWithToolBar.h */,
				F144F08422D5D86D000B93FA /* XBImageBrowserBottomToolBar.h */,
				F144F08522D5D86D000B93FA /* XBImageBrowserTopToolBar.h */,
				F144F08622D5D86D000B93FA /* XBImageBrowserWithToolBar.m */,
				F144F08722D5D86D000B93FA /* base */,
			);
			name = XBImageBrowser;
			path = ../XBImageBrowser;
			sourceTree = "<group>";
		};
		F144F08722D5D86D000B93FA /* base */ = {
			isa = PBXGroup;
			children = (
				F144F08822D5D86D000B93FA /* XBImageBrowserHeader.h */,
				F144F08A22D5D86D000B93FA /* Images */,
				F144F09122D5D86D000B93FA /* XBImageBrowser.m */,
				F144F09222D5D86D000B93FA /* XBImageBrowserFrameAnimateManager.m */,
				F144F09322D5D86D000B93FA /* XBImageBrowserItem.h */,
				F144F09422D5D86D000B93FA /* XBImageBrowserCell.h */,
				F144F09622D5D86D000B93FA /* XBImageBrowser.h */,
				F144F09722D5D86D000B93FA /* XBImageBrowserCell.m */,
				F144F09822D5D86D000B93FA /* XBImageBrowserItem.m */,
				F144F09922D5D86D000B93FA /* XBImageBrowserFrameAnimateManager.h */,
			);
			path = base;
			sourceTree = "<group>";
		};
		F144F08A22D5D86D000B93FA /* Images */ = {
			isa = PBXGroup;
			children = (
				F144F08B22D5D86D000B93FA /* XBIB_delete@2x.png */,
				F144F08C22D5D86D000B93FA /* XBIB_delete.png */,
				F144F08D22D5D86D000B93FA /* XBIB_back.png */,
				F144F08E22D5D86D000B93FA /* XBIB_share@2x.png */,
				F144F08F22D5D86D000B93FA /* XBIB_share.png */,
				F144F09022D5D86D000B93FA /* XBIB_back@2x.png */,
			);
			path = Images;
			sourceTree = "<group>";
		};
		F1DCEDB11E2659C90046C3B0 = {
			isa = PBXGroup;
			children = (
				F144F07F22D5D86D000B93FA /* XBImageBrowser */,
				F1DCEDBC1E2659C90046C3B0 /* XBImageBrowser_CollectionView */,
				F1DCEDD61E2659C90046C3B0 /* XBImageBrowser_CollectionViewTests */,
				F1DCEDE11E2659C90046C3B0 /* XBImageBrowser_CollectionViewUITests */,
				F1DCEDBB1E2659C90046C3B0 /* Products */,
				31B5D920D8BD8680AF5B00B7 /* Pods */,
				BD97732F8FFB6F23361B8BF0 /* Frameworks */,
			);
			sourceTree = "<group>";
		};
		F1DCEDBB1E2659C90046C3B0 /* Products */ = {
			isa = PBXGroup;
			children = (
				F1DCEDBA1E2659C90046C3B0 /* XBImageBrowser_CollectionView.app */,
				F1DCEDD31E2659C90046C3B0 /* XBImageBrowser_CollectionViewTests.xctest */,
				F1DCEDDE1E2659C90046C3B0 /* XBImageBrowser_CollectionViewUITests.xctest */,
			);
			name = Products;
			sourceTree = "<group>";
		};
		F1DCEDBC1E2659C90046C3B0 /* XBImageBrowser_CollectionView */ = {
			isa = PBXGroup;
			children = (
				F1DCEDF01E2659FB0046C3B0 /* 时间表.png */,
				F1DCEDF11E2659FB0046C3B0 /* AW1C_product01.png */,
				F1DCEDF21E2659FB0046C3B0 /* AW1C_product02.png */,
				F1DCEDF31E2659FB0046C3B0 /* AW1C_product03.png */,
				F1DCEDF41E2659FB0046C3B0 /* AW1C_product04.png */,
				F1DCEDF51E2659FB0046C3B0 /* AW1C_settingwifi.png */,
				F1DCEDF61E2659FB0046C3B0 /* AW1C_wifi01.png */,
				F1DCEDF71E2659FB0046C3B0 /* kal_tile_range_left_today@2x.png */,
				F155EF531E2A0F4F00E27A93 /* icon_share.png */,
				F155EF541E2A0F4F00E27A93 /* icon_share@2x.png */,
				F155EF5B1E2A0F9300E27A93 /* C_back.png */,
				F155EF5C1E2A0F9300E27A93 /* C_back@2x.png */,
				F155EF571E2A0F6B00E27A93 /* icon_delete.png */,
				F155EF581E2A0F6B00E27A93 /* icon_delete@2x.png */,
				F1DCEDC01E2659C90046C3B0 /* AppDelegate.h */,
				F1DCEDC11E2659C90046C3B0 /* AppDelegate.m */,
				F1DCEDC31E2659C90046C3B0 /* ViewController.h */,
				F1DCEDC41E2659C90046C3B0 /* ViewController.m */,
				F1DCEDC61E2659C90046C3B0 /* Main.storyboard */,
				F1DCEDC91E2659C90046C3B0 /* Assets.xcassets */,
				F1DCEDCB1E2659C90046C3B0 /* LaunchScreen.storyboard */,
				F1DCEDCE1E2659C90046C3B0 /* Info.plist */,
				F1DCEDBD1E2659C90046C3B0 /* Supporting Files */,
			);
			path = XBImageBrowser_CollectionView;
			sourceTree = "<group>";
		};
		F1DCEDBD1E2659C90046C3B0 /* Supporting Files */ = {
			isa = PBXGroup;
			children = (
				F1DCEDBE1E2659C90046C3B0 /* main.m */,
			);
			name = "Supporting Files";
			sourceTree = "<group>";
		};
		F1DCEDD61E2659C90046C3B0 /* XBImageBrowser_CollectionViewTests */ = {
			isa = PBXGroup;
			children = (
				F1DCEDD71E2659C90046C3B0 /* XBImageBrowser_CollectionViewTests.m */,
				F1DCEDD91E2659C90046C3B0 /* Info.plist */,
			);
			path = XBImageBrowser_CollectionViewTests;
			sourceTree = "<group>";
		};
		F1DCEDE11E2659C90046C3B0 /* XBImageBrowser_CollectionViewUITests */ = {
			isa = PBXGroup;
			children = (
				F1DCEDE21E2659C90046C3B0 /* XBImageBrowser_CollectionViewUITests.m */,
				F1DCEDE41E2659C90046C3B0 /* Info.plist */,
			);
			path = XBImageBrowser_CollectionViewUITests;
			sourceTree = "<group>";
		};
/* End PBXGroup section */

/* Begin PBXNativeTarget section */
		F1DCEDB91E2659C90046C3B0 /* XBImageBrowser_CollectionView */ = {
			isa = PBXNativeTarget;
			buildConfigurationList = F1DCEDE71E2659C90046C3B0 /* Build configuration list for PBXNativeTarget "XBImageBrowser_CollectionView" */;
			buildPhases = (
				32ABDDF4A530984CDA5D7437 /* [CP] Check Pods Manifest.lock */,
				F1DCEDB61E2659C90046C3B0 /* Sources */,
				F1DCEDB71E2659C90046C3B0 /* Frameworks */,
				F1DCEDB81E2659C90046C3B0 /* Resources */,
			);
			buildRules = (
			);
			dependencies = (
			);
			name = XBImageBrowser_CollectionView;
			productName = XBImageBrowser_CollectionView;
			productReference = F1DCEDBA1E2659C90046C3B0 /* XBImageBrowser_CollectionView.app */;
			productType = "com.apple.product-type.application";
		};
		F1DCEDD21E2659C90046C3B0 /* XBImageBrowser_CollectionViewTests */ = {
			isa = PBXNativeTarget;
			buildConfigurationList = F1DCEDEA1E2659C90046C3B0 /* Build configuration list for PBXNativeTarget "XBImageBrowser_CollectionViewTests" */;
			buildPhases = (
				50B070539395C80CA4267180 /* [CP] Check Pods Manifest.lock */,
				F1DCEDCF1E2659C90046C3B0 /* Sources */,
				F1DCEDD01E2659C90046C3B0 /* Frameworks */,
				F1DCEDD11E2659C90046C3B0 /* Resources */,
			);
			buildRules = (
			);
			dependencies = (
				F1DCEDD51E2659C90046C3B0 /* PBXTargetDependency */,
			);
			name = XBImageBrowser_CollectionViewTests;
			productName = XBImageBrowser_CollectionViewTests;
			productReference = F1DCEDD31E2659C90046C3B0 /* XBImageBrowser_CollectionViewTests.xctest */;
			productType = "com.apple.product-type.bundle.unit-test";
		};
		F1DCEDDD1E2659C90046C3B0 /* XBImageBrowser_CollectionViewUITests */ = {
			isa = PBXNativeTarget;
			buildConfigurationList = F1DCEDED1E2659C90046C3B0 /* Build configuration list for PBXNativeTarget "XBImageBrowser_CollectionViewUITests" */;
			buildPhases = (
				A05F7BB81B26107FA31D65DA /* [CP] Check Pods Manifest.lock */,
				F1DCEDDA1E2659C90046C3B0 /* Sources */,
				F1DCEDDB1E2659C90046C3B0 /* Frameworks */,
				F1DCEDDC1E2659C90046C3B0 /* Resources */,
			);
			buildRules = (
			);
			dependencies = (
				F1DCEDE01E2659C90046C3B0 /* PBXTargetDependency */,
			);
			name = XBImageBrowser_CollectionViewUITests;
			productName = XBImageBrowser_CollectionViewUITests;
			productReference = F1DCEDDE1E2659C90046C3B0 /* XBImageBrowser_CollectionViewUITests.xctest */;
			productType = "com.apple.product-type.bundle.ui-testing";
		};
/* End PBXNativeTarget section */

/* Begin PBXProject section */
		F1DCEDB21E2659C90046C3B0 /* Project object */ = {
			isa = PBXProject;
			attributes = {
				LastUpgradeCheck = 0820;
				ORGANIZATIONNAME = xxb;
				TargetAttributes = {
					F1DCEDB91E2659C90046C3B0 = {
						CreatedOnToolsVersion = 8.2.1;
						DevelopmentTeam = RC2BP8QGY9;
						ProvisioningStyle = Automatic;
					};
					F1DCEDD21E2659C90046C3B0 = {
						CreatedOnToolsVersion = 8.2.1;
						ProvisioningStyle = Automatic;
						TestTargetID = F1DCEDB91E2659C90046C3B0;
					};
					F1DCEDDD1E2659C90046C3B0 = {
						CreatedOnToolsVersion = 8.2.1;
						ProvisioningStyle = Automatic;
						TestTargetID = F1DCEDB91E2659C90046C3B0;
					};
				};
			};
			buildConfigurationList = F1DCEDB51E2659C90046C3B0 /* Build configuration list for PBXProject "XBImageBrowser_CollectionView" */;
			compatibilityVersion = "Xcode 3.2";
			developmentRegion = English;
			hasScannedForEncodings = 0;
			knownRegions = (
				en,
				Base,
			);
			mainGroup = F1DCEDB11E2659C90046C3B0;
			productRefGroup = F1DCEDBB1E2659C90046C3B0 /* Products */;
			projectDirPath = "";
			projectRoot = "";
			targets = (
				F1DCEDB91E2659C90046C3B0 /* XBImageBrowser_CollectionView */,
				F1DCEDD21E2659C90046C3B0 /* XBImageBrowser_CollectionViewTests */,
				F1DCEDDD1E2659C90046C3B0 /* XBImageBrowser_CollectionViewUITests */,
			);
		};
/* End PBXProject section */

/* Begin PBXResourcesBuildPhase section */
		F1DCEDB81E2659C90046C3B0 /* Resources */ = {
			isa = PBXResourcesBuildPhase;
			buildActionMask = 2147483647;
			files = (
				F155EF5D1E2A0F9300E27A93 /* C_back.png in Resources */,
				F1DCEDFC1E2659FB0046C3B0 /* AW1C_product01.png in Resources */,
				F144F09E22D5D86D000B93FA /* XBIB_delete.png in Resources */,
				F1DCEDFD1E2659FB0046C3B0 /* AW1C_product02.png in Resources */,
				F1DCEDFB1E2659FB0046C3B0 /* 时间表.png in Resources */,
				F144F0A022D5D86D000B93FA /* XBIB_share@2x.png in Resources */,
				F144F0A222D5D86D000B93FA /* XBIB_back@2x.png in Resources */,
				F144F09F22D5D86D000B93FA /* XBIB_back.png in Resources */,
				F1DCEDCD1E2659C90046C3B0 /* LaunchScreen.storyboard in Resources */,
				F155EF561E2A0F4F00E27A93 /* icon_share@2x.png in Resources */,
				F155EF591E2A0F6B00E27A93 /* icon_delete.png in Resources */,
				F144F0A122D5D86D000B93FA /* XBIB_share.png in Resources */,
				F1DCEDCA1E2659C90046C3B0 /* Assets.xcassets in Resources */,
				F144F09D22D5D86D000B93FA /* XBIB_delete@2x.png in Resources */,
				F155EF5E1E2A0F9300E27A93 /* C_back@2x.png in Resources */,
				F1DCEE021E2659FB0046C3B0 /* kal_tile_range_left_today@2x.png in Resources */,
				F1DCEDFF1E2659FB0046C3B0 /* AW1C_product04.png in Resources */,
				F1DCEDFE1E2659FB0046C3B0 /* AW1C_product03.png in Resources */,
				F155EF551E2A0F4F00E27A93 /* icon_share.png in Resources */,
				F1DCEDC81E2659C90046C3B0 /* Main.storyboard in Resources */,
				F1DCEE001E2659FB0046C3B0 /* AW1C_settingwifi.png in Resources */,
				F1DCEE011E2659FB0046C3B0 /* AW1C_wifi01.png in Resources */,
				F155EF5A1E2A0F6B00E27A93 /* icon_delete@2x.png in Resources */,
			);
			runOnlyForDeploymentPostprocessing = 0;
		};
		F1DCEDD11E2659C90046C3B0 /* Resources */ = {
			isa = PBXResourcesBuildPhase;
			buildActionMask = 2147483647;
			files = (
			);
			runOnlyForDeploymentPostprocessing = 0;
		};
		F1DCEDDC1E2659C90046C3B0 /* Resources */ = {
			isa = PBXResourcesBuildPhase;
			buildActionMask = 2147483647;
			files = (
			);
			runOnlyForDeploymentPostprocessing = 0;
		};
/* End PBXResourcesBuildPhase section */

/* Begin PBXShellScriptBuildPhase section */
		32ABDDF4A530984CDA5D7437 /* [CP] Check Pods Manifest.lock */ = {
			isa = PBXShellScriptBuildPhase;
			buildActionMask = 2147483647;
			files = (
			);
			inputFileListPaths = (
			);
			inputPaths = (
				"${PODS_PODFILE_DIR_PATH}/Podfile.lock",
				"${PODS_ROOT}/Manifest.lock",
			);
			name = "[CP] Check Pods Manifest.lock";
			outputFileListPaths = (
			);
			outputPaths = (
				"$(DERIVED_FILE_DIR)/Pods-XBImageBrowser_CollectionView-checkManifestLockResult.txt",
			);
			runOnlyForDeploymentPostprocessing = 0;
			shellPath = /bin/sh;
			shellScript = "diff \"${PODS_PODFILE_DIR_PATH}/Podfile.lock\" \"${PODS_ROOT}/Manifest.lock\" > /dev/null\nif [ $? != 0 ] ; then\n    # print error to STDERR\n    echo \"error: The sandbox is not in sync with the Podfile.lock. Run 'pod install' or update your CocoaPods installation.\" >&2\n    exit 1\nfi\n# This output is used by Xcode 'outputs' to avoid re-running this script phase.\necho \"SUCCESS\" > \"${SCRIPT_OUTPUT_FILE_0}\"\n";
			showEnvVarsInLog = 0;
		};
		50B070539395C80CA4267180 /* [CP] Check Pods Manifest.lock */ = {
			isa = PBXShellScriptBuildPhase;
			buildActionMask = 2147483647;
			files = (
			);
			inputFileListPaths = (
			);
			inputPaths = (
				"${PODS_PODFILE_DIR_PATH}/Podfile.lock",
				"${PODS_ROOT}/Manifest.lock",
			);
			name = "[CP] Check Pods Manifest.lock";
			outputFileListPaths = (
			);
			outputPaths = (
				"$(DERIVED_FILE_DIR)/Pods-XBImageBrowser_CollectionViewTests-checkManifestLockResult.txt",
			);
			runOnlyForDeploymentPostprocessing = 0;
			shellPath = /bin/sh;
			shellScript = "diff \"${PODS_PODFILE_DIR_PATH}/Podfile.lock\" \"${PODS_ROOT}/Manifest.lock\" > /dev/null\nif [ $? != 0 ] ; then\n    # print error to STDERR\n    echo \"error: The sandbox is not in sync with the Podfile.lock. Run 'pod install' or update your CocoaPods installation.\" >&2\n    exit 1\nfi\n# This output is used by Xcode 'outputs' to avoid re-running this script phase.\necho \"SUCCESS\" > \"${SCRIPT_OUTPUT_FILE_0}\"\n";
			showEnvVarsInLog = 0;
		};
		A05F7BB81B26107FA31D65DA /* [CP] Check Pods Manifest.lock */ = {
			isa = PBXShellScriptBuildPhase;
			buildActionMask = 2147483647;
			files = (
			);
			inputFileListPaths = (
			);
			inputPaths = (
				"${PODS_PODFILE_DIR_PATH}/Podfile.lock",
				"${PODS_ROOT}/Manifest.lock",
			);
			name = "[CP] Check Pods Manifest.lock";
			outputFileListPaths = (
			);
			outputPaths = (
				"$(DERIVED_FILE_DIR)/Pods-XBImageBrowser_CollectionViewUITests-checkManifestLockResult.txt",
			);
			runOnlyForDeploymentPostprocessing = 0;
			shellPath = /bin/sh;
			shellScript = "diff \"${PODS_PODFILE_DIR_PATH}/Podfile.lock\" \"${PODS_ROOT}/Manifest.lock\" > /dev/null\nif [ $? != 0 ] ; then\n    # print error to STDERR\n    echo \"error: The sandbox is not in sync with the Podfile.lock. Run 'pod install' or update your CocoaPods installation.\" >&2\n    exit 1\nfi\n# This output is used by Xcode 'outputs' to avoid re-running this script phase.\necho \"SUCCESS\" > \"${SCRIPT_OUTPUT_FILE_0}\"\n";
			showEnvVarsInLog = 0;
		};
/* End PBXShellScriptBuildPhase section */

/* Begin PBXSourcesBuildPhase section */
		F1DCEDB61E2659C90046C3B0 /* Sources */ = {
			isa = PBXSourcesBuildPhase;
			buildActionMask = 2147483647;
			files = (
				F1DCEDC51E2659C90046C3B0 /* ViewController.m in Sources */,
				F1DCEDC21E2659C90046C3B0 /* AppDelegate.m in Sources */,
				F144F0A322D5D86D000B93FA /* XBImageBrowser.m in Sources */,
				F144F09C22D5D86D000B93FA /* XBImageBrowserWithToolBar.m in Sources */,
				F1DCEDBF1E2659C90046C3B0 /* main.m in Sources */,
				F144F0A722D5D86D000B93FA /* XBImageBrowserItem.m in Sources */,
				F144F09B22D5D86D000B93FA /* XBImageBrowserBottomToolBar.m in Sources */,
				F144F0A622D5D86D000B93FA /* XBImageBrowserCell.m in Sources */,
				F144F09A22D5D86D000B93FA /* XBImageBrowserTopToolBar.m in Sources */,
				F144F0A422D5D86D000B93FA /* XBImageBrowserFrameAnimateManager.m in Sources */,
			);
			runOnlyForDeploymentPostprocessing = 0;
		};
		F1DCEDCF1E2659C90046C3B0 /* Sources */ = {
			isa = PBXSourcesBuildPhase;
			buildActionMask = 2147483647;
			files = (
				F1DCEDD81E2659C90046C3B0 /* XBImageBrowser_CollectionViewTests.m in Sources */,
			);
			runOnlyForDeploymentPostprocessing = 0;
		};
		F1DCEDDA1E2659C90046C3B0 /* Sources */ = {
			isa = PBXSourcesBuildPhase;
			buildActionMask = 2147483647;
			files = (
				F1DCEDE31E2659C90046C3B0 /* XBImageBrowser_CollectionViewUITests.m in Sources */,
			);
			runOnlyForDeploymentPostprocessing = 0;
		};
/* End PBXSourcesBuildPhase section */

/* Begin PBXTargetDependency section */
		F1DCEDD51E2659C90046C3B0 /* PBXTargetDependency */ = {
			isa = PBXTargetDependency;
			target = F1DCEDB91E2659C90046C3B0 /* XBImageBrowser_CollectionView */;
			targetProxy = F1DCEDD41E2659C90046C3B0 /* PBXContainerItemProxy */;
		};
		F1DCEDE01E2659C90046C3B0 /* PBXTargetDependency */ = {
			isa = PBXTargetDependency;
			target = F1DCEDB91E2659C90046C3B0 /* XBImageBrowser_CollectionView */;
			targetProxy = F1DCEDDF1E2659C90046C3B0 /* PBXContainerItemProxy */;
		};
/* End PBXTargetDependency section */

/* Begin PBXVariantGroup section */
		F1DCEDC61E2659C90046C3B0 /* Main.storyboard */ = {
			isa = PBXVariantGroup;
			children = (
				F1DCEDC71E2659C90046C3B0 /* Base */,
			);
			name = Main.storyboard;
			sourceTree = "<group>";
		};
		F1DCEDCB1E2659C90046C3B0 /* LaunchScreen.storyboard */ = {
			isa = PBXVariantGroup;
			children = (
				F1DCEDCC1E2659C90046C3B0 /* Base */,
			);
			name = LaunchScreen.storyboard;
			sourceTree = "<group>";
		};
/* End PBXVariantGroup section */

/* Begin XCBuildConfiguration section */
		F1DCEDE51E2659C90046C3B0 /* Debug */ = {
			isa = XCBuildConfiguration;
			buildSettings = {
				ALWAYS_SEARCH_USER_PATHS = NO;
				CLANG_ANALYZER_NONNULL = YES;
				CLANG_CXX_LANGUAGE_STANDARD = "gnu++0x";
				CLANG_CXX_LIBRARY = "libc++";
				CLANG_ENABLE_MODULES = YES;
				CLANG_ENABLE_OBJC_ARC = YES;
				CLANG_WARN_BOOL_CONVERSION = YES;
				CLANG_WARN_CONSTANT_CONVERSION = YES;
				CLANG_WARN_DIRECT_OBJC_ISA_USAGE = YES_ERROR;
				CLANG_WARN_DOCUMENTATION_COMMENTS = YES;
				CLANG_WARN_EMPTY_BODY = YES;
				CLANG_WARN_ENUM_CONVERSION = YES;
				CLANG_WARN_INFINITE_RECURSION = YES;
				CLANG_WARN_INT_CONVERSION = YES;
				CLANG_WARN_OBJC_ROOT_CLASS = YES_ERROR;
				CLANG_WARN_SUSPICIOUS_MOVE = YES;
				CLANG_WARN_UNREACHABLE_CODE = YES;
				CLANG_WARN__DUPLICATE_METHOD_MATCH = YES;
				"CODE_SIGN_IDENTITY[sdk=iphoneos*]" = "iPhone Developer";
				COPY_PHASE_STRIP = NO;
				DEBUG_INFORMATION_FORMAT = dwarf;
				ENABLE_STRICT_OBJC_MSGSEND = YES;
				ENABLE_TESTABILITY = YES;
				GCC_C_LANGUAGE_STANDARD = gnu99;
				GCC_DYNAMIC_NO_PIC = NO;
				GCC_NO_COMMON_BLOCKS = YES;
				GCC_OPTIMIZATION_LEVEL = 0;
				GCC_PREPROCESSOR_DEFINITIONS = (
					"DEBUG=1",
					"$(inherited)",
				);
				GCC_WARN_64_TO_32_BIT_CONVERSION = YES;
				GCC_WARN_ABOUT_RETURN_TYPE = YES_ERROR;
				GCC_WARN_UNDECLARED_SELECTOR = YES;
				GCC_WARN_UNINITIALIZED_AUTOS = YES_AGGRESSIVE;
				GCC_WARN_UNUSED_FUNCTION = YES;
				GCC_WARN_UNUSED_VARIABLE = YES;
				IPHONEOS_DEPLOYMENT_TARGET = 10.2;
				MTL_ENABLE_DEBUG_INFO = YES;
				ONLY_ACTIVE_ARCH = YES;
				SDKROOT = iphoneos;
				TARGETED_DEVICE_FAMILY = "1,2";
			};
			name = Debug;
		};
		F1DCEDE61E2659C90046C3B0 /* Release */ = {
			isa = XCBuildConfiguration;
			buildSettings = {
				ALWAYS_SEARCH_USER_PATHS = NO;
				CLANG_ANALYZER_NONNULL = YES;
				CLANG_CXX_LANGUAGE_STANDARD = "gnu++0x";
				CLANG_CXX_LIBRARY = "libc++";
				CLANG_ENABLE_MODULES = YES;
				CLANG_ENABLE_OBJC_ARC = YES;
				CLANG_WARN_BOOL_CONVERSION = YES;
				CLANG_WARN_CONSTANT_CONVERSION = YES;
				CLANG_WARN_DIRECT_OBJC_ISA_USAGE = YES_ERROR;
				CLANG_WARN_DOCUMENTATION_COMMENTS = YES;
				CLANG_WARN_EMPTY_BODY = YES;
				CLANG_WARN_ENUM_CONVERSION = YES;
				CLANG_WARN_INFINITE_RECURSION = YES;
				CLANG_WARN_INT_CONVERSION = YES;
				CLANG_WARN_OBJC_ROOT_CLASS = YES_ERROR;
				CLANG_WARN_SUSPICIOUS_MOVE = YES;
				CLANG_WARN_UNREACHABLE_CODE = YES;
				CLANG_WARN__DUPLICATE_METHOD_MATCH = YES;
				"CODE_SIGN_IDENTITY[sdk=iphoneos*]" = "iPhone Developer";
				COPY_PHASE_STRIP = NO;
				DEBUG_INFORMATION_FORMAT = "dwarf-with-dsym";
				ENABLE_NS_ASSERTIONS = NO;
				ENABLE_STRICT_OBJC_MSGSEND = YES;
				GCC_C_LANGUAGE_STANDARD = gnu99;
				GCC_NO_COMMON_BLOCKS = YES;
				GCC_WARN_64_TO_32_BIT_CONVERSION = YES;
				GCC_WARN_ABOUT_RETURN_TYPE = YES_ERROR;
				GCC_WARN_UNDECLARED_SELECTOR = YES;
				GCC_WARN_UNINITIALIZED_AUTOS = YES_AGGRESSIVE;
				GCC_WARN_UNUSED_FUNCTION = YES;
				GCC_WARN_UNUSED_VARIABLE = YES;
				IPHONEOS_DEPLOYMENT_TARGET = 10.2;
				MTL_ENABLE_DEBUG_INFO = NO;
				SDKROOT = iphoneos;
				TARGETED_DEVICE_FAMILY = "1,2";
				VALIDATE_PRODUCT = YES;
			};
			name = Release;
		};
		F1DCEDE81E2659C90046C3B0 /* Debug */ = {
			isa = XCBuildConfiguration;
			baseConfigurationReference = 9EEDF604236323501F8A0F3B /* Pods-XBImageBrowser_CollectionView.debug.xcconfig */;
			buildSettings = {
				ASSETCATALOG_COMPILER_APPICON_NAME = AppIcon;
				DEVELOPMENT_TEAM = RC2BP8QGY9;
				INFOPLIST_FILE = XBImageBrowser_CollectionView/Info.plist;
				LD_RUNPATH_SEARCH_PATHS = "$(inherited) @executable_path/Frameworks";
				PRODUCT_BUNDLE_IDENTIFIER = com.company.XBImageBrowser;
				PRODUCT_NAME = "$(TARGET_NAME)";
			};
			name = Debug;
		};
		F1DCEDE91E2659C90046C3B0 /* Release */ = {
			isa = XCBuildConfiguration;
			baseConfigurationReference = 649073FA655330FB1A07AE44 /* Pods-XBImageBrowser_CollectionView.release.xcconfig */;
			buildSettings = {
				ASSETCATALOG_COMPILER_APPICON_NAME = AppIcon;
				DEVELOPMENT_TEAM = RC2BP8QGY9;
				INFOPLIST_FILE = XBImageBrowser_CollectionView/Info.plist;
				LD_RUNPATH_SEARCH_PATHS = "$(inherited) @executable_path/Frameworks";
				PRODUCT_BUNDLE_IDENTIFIER = com.company.XBImageBrowser;
				PRODUCT_NAME = "$(TARGET_NAME)";
			};
			name = Release;
		};
		F1DCEDEB1E2659C90046C3B0 /* Debug */ = {
			isa = XCBuildConfiguration;
			baseConfigurationReference = 8E5397B76A725BB6F1D5C560 /* Pods-XBImageBrowser_CollectionViewTests.debug.xcconfig */;
			buildSettings = {
				BUNDLE_LOADER = "$(TEST_HOST)";
				INFOPLIST_FILE = XBImageBrowser_CollectionViewTests/Info.plist;
				LD_RUNPATH_SEARCH_PATHS = "$(inherited) @executable_path/Frameworks @loader_path/Frameworks";
				PRODUCT_BUNDLE_IDENTIFIER = "com.chuango.XBImageBrowser-CollectionViewTests";
				PRODUCT_NAME = "$(TARGET_NAME)";
				TEST_HOST = "$(BUILT_PRODUCTS_DIR)/XBImageBrowser_CollectionView.app/XBImageBrowser_CollectionView";
			};
			name = Debug;
		};
		F1DCEDEC1E2659C90046C3B0 /* Release */ = {
			isa = XCBuildConfiguration;
			baseConfigurationReference = 5C2779B41F548CD6466ACD0E /* Pods-XBImageBrowser_CollectionViewTests.release.xcconfig */;
			buildSettings = {
				BUNDLE_LOADER = "$(TEST_HOST)";
				INFOPLIST_FILE = XBImageBrowser_CollectionViewTests/Info.plist;
				LD_RUNPATH_SEARCH_PATHS = "$(inherited) @executable_path/Frameworks @loader_path/Frameworks";
				PRODUCT_BUNDLE_IDENTIFIER = "com.chuango.XBImageBrowser-CollectionViewTests";
				PRODUCT_NAME = "$(TARGET_NAME)";
				TEST_HOST = "$(BUILT_PRODUCTS_DIR)/XBImageBrowser_CollectionView.app/XBImageBrowser_CollectionView";
			};
			name = Release;
		};
		F1DCEDEE1E2659C90046C3B0 /* Debug */ = {
			isa = XCBuildConfiguration;
			baseConfigurationReference = 8571F44B0D19197F146EEF35 /* Pods-XBImageBrowser_CollectionViewUITests.debug.xcconfig */;
			buildSettings = {
				INFOPLIST_FILE = XBImageBrowser_CollectionViewUITests/Info.plist;
				LD_RUNPATH_SEARCH_PATHS = "$(inherited) @executable_path/Frameworks @loader_path/Frameworks";
				PRODUCT_BUNDLE_IDENTIFIER = "com.chuango.XBImageBrowser-CollectionViewUITests";
				PRODUCT_NAME = "$(TARGET_NAME)";
				TEST_TARGET_NAME = XBImageBrowser_CollectionView;
			};
			name = Debug;
		};
		F1DCEDEF1E2659C90046C3B0 /* Release */ = {
			isa = XCBuildConfiguration;
			baseConfigurationReference = ADB1AED7413217E779E6234D /* Pods-XBImageBrowser_CollectionViewUITests.release.xcconfig */;
			buildSettings = {
				INFOPLIST_FILE = XBImageBrowser_CollectionViewUITests/Info.plist;
				LD_RUNPATH_SEARCH_PATHS = "$(inherited) @executable_path/Frameworks @loader_path/Frameworks";
				PRODUCT_BUNDLE_IDENTIFIER = "com.chuango.XBImageBrowser-CollectionViewUITests";
				PRODUCT_NAME = "$(TARGET_NAME)";
				TEST_TARGET_NAME = XBImageBrowser_CollectionView;
			};
			name = Release;
		};
/* End XCBuildConfiguration section */

/* Begin XCConfigurationList section */
		F1DCEDB51E2659C90046C3B0 /* Build configuration list for PBXProject "XBImageBrowser_CollectionView" */ = {
			isa = XCConfigurationList;
			buildConfigurations = (
				F1DCEDE51E2659C90046C3B0 /* Debug */,
				F1DCEDE61E2659C90046C3B0 /* Release */,
			);
			defaultConfigurationIsVisible = 0;
			defaultConfigurationName = Release;
		};
		F1DCEDE71E2659C90046C3B0 /* Build configuration list for PBXNativeTarget "XBImageBrowser_CollectionView" */ = {
			isa = XCConfigurationList;
			buildConfigurations = (
				F1DCEDE81E2659C90046C3B0 /* Debug */,
				F1DCEDE91E2659C90046C3B0 /* Release */,
			);
			defaultConfigurationIsVisible = 0;
			defaultConfigurationName = Release;
		};
		F1DCEDEA1E2659C90046C3B0 /* Build configuration list for PBXNativeTarget "XBImageBrowser_CollectionViewTests" */ = {
			isa = XCConfigurationList;
			buildConfigurations = (
				F1DCEDEB1E2659C90046C3B0 /* Debug */,
				F1DCEDEC1E2659C90046C3B0 /* Release */,
			);
			defaultConfigurationIsVisible = 0;
			defaultConfigurationName = Release;
		};
		F1DCEDED1E2659C90046C3B0 /* Build configuration list for PBXNativeTarget "XBImageBrowser_CollectionViewUITests" */ = {
			isa = XCConfigurationList;
			buildConfigurations = (
				F1DCEDEE1E2659C90046C3B0 /* Debug */,
				F1DCEDEF1E2659C90046C3B0 /* Release */,
			);
			defaultConfigurationIsVisible = 0;
			defaultConfigurationName = Release;
		};
/* End XCConfigurationList section */
	};
	rootObject = F1DCEDB21E2659C90046C3B0 /* Project object */;
}
